
Microsoft Visual Studio Solution File, Format Version 12.00
# Visual Studio Version 17
VisualStudioVersion = 17.13.35931.197
MinimumVisualStudioVersion = 10.0.40219.1
Project("{FAE04EC0-301F-11D3-BF4B-00C04F79EFBC}") = "GymMembershipManagementSystem", "GymMembershipManagementSystem.csproj", "{59C9218F-57E7-4B34-AB25-B7E4C03D7CED}"
EndProject
Project("{2150E333-8FDC-42A3-9474-1A3956D46DE8}") = "Elementos de la solución", "Elementos de la solución", "{D107F4C8-89CC-BEA8-D3D7-CA6B7733353D}"
EndProject
Project("{FAE04EC0-301F-11D3-BF4B-00C04F79EFBC}") = "GymSystemTests", "..\GymSystemTests\GymSystemTests.csproj", "{86220593-B0FC-48DE-9B20-24033F71F7BE}"
EndProject
Global
	GlobalSection(SolutionConfigurationPlatforms) = preSolution
		Debug|Any CPU = Debug|Any CPU
		Release|Any CPU = Release|Any CPU
	EndGlobalSection
	GlobalSection(ProjectConfigurationPlatforms) = postSolution
		{59C9218F-57E7-4B34-AB25-B7E4C03D7CED}.Debug|Any CPU.ActiveCfg = Debug|Any CPU
		{59C9218F-57E7-4B34-AB25-B7E4C03D7CED}.Debug|Any CPU.Build.0 = Debug|Any CPU
		{59C9218F-57E7-4B34-AB25-B7E4C03D7CED}.Release|Any CPU.ActiveCfg = Release|Any CPU
		{59C9218F-57E7-4B34-AB25-B7E4C03D7CED}.Release|Any CPU.Build.0 = Release|Any CPU
		{86220593-B0FC-48DE-9B20-24033F71F7BE}.Debug|Any CPU.ActiveCfg = Debug|Any CPU
		{86220593-B0FC-48DE-9B20-24033F71F7BE}.Debug|Any CPU.Build.0 = Debug|Any CPU
		{86220593-B0FC-48DE-9B20-24033F71F7BE}.Release|Any CPU.ActiveCfg = Release|Any CPU
		{86220593-B0FC-48DE-9B20-24033F71F7BE}.Release|Any CPU.Build.0 = Release|Any CPU
	EndGlobalSection
	GlobalSection(SolutionProperties) = preSolution
		HideSolutionNode = FALSE
	EndGlobalSection
	GlobalSection(ExtensibilityGlobals) = postSolution
		SolutionGuid = {9D6B9B52-BF75-415C-A3A2-B1000FF24BA9}
	EndGlobalSection
EndGlobal
